
Microsoft Visual Studio Solution File, Format Version 12.00
# Visual Studio Version 17
VisualStudioVersion = 17.0.32014.148
MinimumVisualStudioVersion = 10.0.40219.1
Project("{9A19103F-16F7-4668-BE54-9A1E7A4F7556}") = "little crud", "questao1 udemy\little crud.csproj", "{1BC3BE66-62EE-4B68-9DD3-5B3A9A20F29F}"
EndProject
Global
	GlobalSection(SolutionConfigurationPlatforms) = preSolution
		Debug|Any CPU = Debug|Any CPU
		Release|Any CPU = Release|Any CPU
	EndGlobalSection
	GlobalSection(ProjectConfigurationPlatforms) = postSolution
		{1BC3BE66-62EE-4B68-9DD3-5B3A9A20F29F}.Debug|Any CPU.ActiveCfg = Debug|Any CPU
		{1BC3BE66-62EE-4B68-9DD3-5B3A9A20F29F}.Debug|Any CPU.Build.0 = Debug|Any CPU
		{1BC3BE66-62EE-4B68-9DD3-5B3A9A20F29F}.Release|Any CPU.ActiveCfg = Release|Any CPU
		{1BC3BE66-62EE-4B68-9DD3-5B3A9A20F29F}.Release|Any CPU.Build.0 = Release|Any CPU
	EndGlobalSection
	GlobalSection(SolutionProperties) = preSolution
		HideSolutionNode = FALSE
	EndGlobalSection
	GlobalSection(ExtensibilityGlobals) = postSolution
		SolutionGuid = {63C219A5-BBC0-4604-ABBA-B06C1884E60E}
	EndGlobalSection
EndGlobal
